
Microsoft Visual Studio Solution File, Format Version 12.00
# Visual Studio Version 16
VisualStudioVersion = 16.0.30701.11
MinimumVisualStudioVersion = 10.0.40219.1
Project("{9092AA53-FB77-4645-B42D-1CCCA6BD08BD}") = "NodejsConsoleApp2", "NodejsConsoleApp2\NodejsConsoleApp2.njsproj", "{1BFB621F-9418-41FA-B925-4522C9137D9B}"
EndProject
Global
	GlobalSection(SolutionConfigurationPlatforms) = preSolution
		Debug|Any CPU = Debug|Any CPU
		Release|Any CPU = Release|Any CPU
	EndGlobalSection
	GlobalSection(ProjectConfigurationPlatforms) = postSolution
		{1BFB621F-9418-41FA-B925-4522C9137D9B}.Debug|Any CPU.ActiveCfg = Debug|Any CPU
		{1BFB621F-9418-41FA-B925-4522C9137D9B}.Debug|Any CPU.Build.0 = Debug|Any CPU
		{1BFB621F-9418-41FA-B925-4522C9137D9B}.Release|Any CPU.ActiveCfg = Release|Any CPU
		{1BFB621F-9418-41FA-B925-4522C9137D9B}.Release|Any CPU.Build.0 = Release|Any CPU
	EndGlobalSection
	GlobalSection(SolutionProperties) = preSolution
		HideSolutionNode = FALSE
	EndGlobalSection
	GlobalSection(ExtensibilityGlobals) = postSolution
		SolutionGuid = {2DE4BAD5-D597-42DF-B413-B956EBA0151F}
	EndGlobalSection
EndGlobal
